{
  "name": "MVC_Template_04_backoffice_dyn",
  "lockfileVersion": 2,
  "requires": true,
  "packages": {
    "": {
      "dependencies": {
        "reset": "^0.1.0"
      }
    },
    "node_modules/reset": {
      "version": "0.1.0",
      "resolved": "https://registry.npmjs.org/reset/-/reset-0.1.0.tgz",
      "integrity": "sha1-n8cxQXGZWubLC35YsGznUir0uvs=",
      "engines": {
        "node": ">= 0.8.0"
      }
    }
  },
  "dependencies": {
    "reset": {
      "version": "0.1.0",
      "resolved": "https://registry.npmjs.org/reset/-/reset-0.1.0.tgz",
      "integrity": "sha1-n8cxQXGZWubLC35YsGznUir0uvs="
    }
  }
}
